// !$*UTF8*$!
{
	archiveVersion = 1;
	classes = {
	};
	objectVersion = 56;
	objects = {

/* Begin PBXBuildFile section */
		1CA20BB3B808014D74E8645D /* Pods_IosCourseGuide_IosCourseGuideUITests.framework in Frameworks */ = {isa = PBXBuildFile; fileRef = 1FDD9E907A6D5DA4F5AB764B /* Pods_IosCourseGuide_IosCourseGuideUITests.framework */; };
		4E0B138ACDEE1ECB960687DF /* Pods_IosCourseGuide.framework in Frameworks */ = {isa = PBXBuildFile; fileRef = 5C5B06E2F1312BAFB23D6A18 /* Pods_IosCourseGuide.framework */; };
		523B839B2A5CC68E00469460 /* RegisterPresenter.swift in Sources */ = {isa = PBXBuildFile; fileRef = 523B839A2A5CC68E00469460 /* RegisterPresenter.swift */; };
		523B839D2A5CCB3400469460 /* LoginPresenter.swift in Sources */ = {isa = PBXBuildFile; fileRef = 523B839C2A5CCB3400469460 /* LoginPresenter.swift */; };
		523B839F2A5CD26B00469460 /* RegisterViewController.swift in Sources */ = {isa = PBXBuildFile; fileRef = 523B839E2A5CD26B00469460 /* RegisterViewController.swift */; };
		52AB9CB82A5B181100868248 /* Util.swift in Sources */ = {isa = PBXBuildFile; fileRef = 52AB9CB72A5B181100868248 /* Util.swift */; };
		52AB9CBA2A5B2CAD00868248 /* SplashPresenter.swift in Sources */ = {isa = PBXBuildFile; fileRef = 52AB9CB92A5B2CAD00868248 /* SplashPresenter.swift */; };
		52AB9CC32A5B4BB000868248 /* background_splash.png in Resources */ = {isa = PBXBuildFile; fileRef = 52AB9CC22A5B4BB000868248 /* background_splash.png */; };
		52AB9CC52A5B774F00868248 /* eye.png in Resources */ = {isa = PBXBuildFile; fileRef = 52AB9CC42A5B774F00868248 /* eye.png */; };
		52B87E842A5997DD00425BD9 /* AppDelegate.swift in Sources */ = {isa = PBXBuildFile; fileRef = 52B87E832A5997DD00425BD9 /* AppDelegate.swift */; };
		52B87E862A5997DD00425BD9 /* SceneDelegate.swift in Sources */ = {isa = PBXBuildFile; fileRef = 52B87E852A5997DD00425BD9 /* SceneDelegate.swift */; };
		52B87E882A5997DD00425BD9 /* SplashViewController.swift in Sources */ = {isa = PBXBuildFile; fileRef = 52B87E872A5997DD00425BD9 /* SplashViewController.swift */; };
		52B87E8B2A5997DD00425BD9 /* Main.storyboard in Resources */ = {isa = PBXBuildFile; fileRef = 52B87E892A5997DD00425BD9 /* Main.storyboard */; };
		52B87E8E2A5997DD00425BD9 /* IosCourseGuide.xcdatamodeld in Sources */ = {isa = PBXBuildFile; fileRef = 52B87E8C2A5997DD00425BD9 /* IosCourseGuide.xcdatamodeld */; };
		52B87E902A5997DF00425BD9 /* Assets.xcassets in Resources */ = {isa = PBXBuildFile; fileRef = 52B87E8F2A5997DF00425BD9 /* Assets.xcassets */; };
		52B87E932A5997DF00425BD9 /* LaunchScreen.storyboard in Resources */ = {isa = PBXBuildFile; fileRef = 52B87E912A5997DF00425BD9 /* LaunchScreen.storyboard */; };
		52B87E9E2A5997E000425BD9 /* IosCourseGuideTests.swift in Sources */ = {isa = PBXBuildFile; fileRef = 52B87E9D2A5997E000425BD9 /* IosCourseGuideTests.swift */; };
		52B87EA82A5997E000425BD9 /* IosCourseGuideUITests.swift in Sources */ = {isa = PBXBuildFile; fileRef = 52B87EA72A5997E000425BD9 /* IosCourseGuideUITests.swift */; };
		52B87EAA2A5997E000425BD9 /* IosCourseGuideUITestsLaunchTests.swift in Sources */ = {isa = PBXBuildFile; fileRef = 52B87EA92A5997E000425BD9 /* IosCourseGuideUITestsLaunchTests.swift */; };
		52B87ECF2A5A313600425BD9 /* LoginViewController.swift in Sources */ = {isa = PBXBuildFile; fileRef = 52B87ECE2A5A313600425BD9 /* LoginViewController.swift */; };
		63181D386EB7E0D23CFF7FA0 /* Pods_IosCourseGuideTests.framework in Frameworks */ = {isa = PBXBuildFile; fileRef = A0BF9EDBD4317CDF78764DBC /* Pods_IosCourseGuideTests.framework */; };
/* End PBXBuildFile section */

/* Begin PBXContainerItemProxy section */
		52B87E9A2A5997E000425BD9 /* PBXContainerItemProxy */ = {
			isa = PBXContainerItemProxy;
			containerPortal = 52B87E782A5997DD00425BD9 /* Project object */;
			proxyType = 1;
			remoteGlobalIDString = 52B87E7F2A5997DD00425BD9;
			remoteInfo = IosCourseGuide;
		};
		52B87EA42A5997E000425BD9 /* PBXContainerItemProxy */ = {
			isa = PBXContainerItemProxy;
			containerPortal = 52B87E782A5997DD00425BD9 /* Project object */;
			proxyType = 1;
			remoteGlobalIDString = 52B87E7F2A5997DD00425BD9;
			remoteInfo = IosCourseGuide;
		};
/* End PBXContainerItemProxy section */

/* Begin PBXFileReference section */
		1FDD9E907A6D5DA4F5AB764B /* Pods_IosCourseGuide_IosCourseGuideUITests.framework */ = {isa = PBXFileReference; explicitFileType = wrapper.framework; includeInIndex = 0; path = Pods_IosCourseGuide_IosCourseGuideUITests.framework; sourceTree = BUILT_PRODUCTS_DIR; };
		359E9115B8A52E8399123285 /* Pods-IosCourseGuide-IosCourseGuideUITests.debug.xcconfig */ = {isa = PBXFileReference; includeInIndex = 1; lastKnownFileType = text.xcconfig; name = "Pods-IosCourseGuide-IosCourseGuideUITests.debug.xcconfig"; path = "Target Support Files/Pods-IosCourseGuide-IosCourseGuideUITests/Pods-IosCourseGuide-IosCourseGuideUITests.debug.xcconfig"; sourceTree = "<group>"; };
		523B839A2A5CC68E00469460 /* RegisterPresenter.swift */ = {isa = PBXFileReference; lastKnownFileType = sourcecode.swift; path = RegisterPresenter.swift; sourceTree = "<group>"; };
		523B839C2A5CCB3400469460 /* LoginPresenter.swift */ = {isa = PBXFileReference; lastKnownFileType = sourcecode.swift; path = LoginPresenter.swift; sourceTree = "<group>"; };
		523B839E2A5CD26B00469460 /* RegisterViewController.swift */ = {isa = PBXFileReference; lastKnownFileType = sourcecode.swift; path = RegisterViewController.swift; sourceTree = "<group>"; };
		52AB9CB72A5B181100868248 /* Util.swift */ = {isa = PBXFileReference; lastKnownFileType = sourcecode.swift; path = Util.swift; sourceTree = "<group>"; };
		52AB9CB92A5B2CAD00868248 /* SplashPresenter.swift */ = {isa = PBXFileReference; lastKnownFileType = sourcecode.swift; path = SplashPresenter.swift; sourceTree = "<group>"; };
		52AB9CC22A5B4BB000868248 /* background_splash.png */ = {isa = PBXFileReference; lastKnownFileType = image.png; path = background_splash.png; sourceTree = "<group>"; };
		52AB9CC42A5B774F00868248 /* eye.png */ = {isa = PBXFileReference; lastKnownFileType = image.png; path = eye.png; sourceTree = "<group>"; };
		52B87E802A5997DD00425BD9 /* IosCourseGuide.app */ = {isa = PBXFileReference; explicitFileType = wrapper.application; includeInIndex = 0; path = IosCourseGuide.app; sourceTree = BUILT_PRODUCTS_DIR; };
		52B87E832A5997DD00425BD9 /* AppDelegate.swift */ = {isa = PBXFileReference; lastKnownFileType = sourcecode.swift; path = AppDelegate.swift; sourceTree = "<group>"; };
		52B87E852A5997DD00425BD9 /* SceneDelegate.swift */ = {isa = PBXFileReference; lastKnownFileType = sourcecode.swift; path = SceneDelegate.swift; sourceTree = "<group>"; };
		52B87E872A5997DD00425BD9 /* SplashViewController.swift */ = {isa = PBXFileReference; lastKnownFileType = sourcecode.swift; path = SplashViewController.swift; sourceTree = "<group>"; };
		52B87E8A2A5997DD00425BD9 /* Base */ = {isa = PBXFileReference; lastKnownFileType = file.storyboard; name = Base; path = Base.lproj/Main.storyboard; sourceTree = "<group>"; };
		52B87E8D2A5997DD00425BD9 /* IosCourseGuide.xcdatamodel */ = {isa = PBXFileReference; lastKnownFileType = wrapper.xcdatamodel; path = IosCourseGuide.xcdatamodel; sourceTree = "<group>"; };
		52B87E8F2A5997DF00425BD9 /* Assets.xcassets */ = {isa = PBXFileReference; lastKnownFileType = folder.assetcatalog; path = Assets.xcassets; sourceTree = "<group>"; };
		52B87E922A5997DF00425BD9 /* Base */ = {isa = PBXFileReference; lastKnownFileType = file.storyboard; name = Base; path = Base.lproj/LaunchScreen.storyboard; sourceTree = "<group>"; };
		52B87E942A5997DF00425BD9 /* Info.plist */ = {isa = PBXFileReference; lastKnownFileType = text.plist.xml; path = Info.plist; sourceTree = "<group>"; };
		52B87E992A5997E000425BD9 /* IosCourseGuideTests.xctest */ = {isa = PBXFileReference; explicitFileType = wrapper.cfbundle; includeInIndex = 0; path = IosCourseGuideTests.xctest; sourceTree = BUILT_PRODUCTS_DIR; };
		52B87E9D2A5997E000425BD9 /* IosCourseGuideTests.swift */ = {isa = PBXFileReference; lastKnownFileType = sourcecode.swift; path = IosCourseGuideTests.swift; sourceTree = "<group>"; };
		52B87EA32A5997E000425BD9 /* IosCourseGuideUITests.xctest */ = {isa = PBXFileReference; explicitFileType = wrapper.cfbundle; includeInIndex = 0; path = IosCourseGuideUITests.xctest; sourceTree = BUILT_PRODUCTS_DIR; };
		52B87EA72A5997E000425BD9 /* IosCourseGuideUITests.swift */ = {isa = PBXFileReference; lastKnownFileType = sourcecode.swift; path = IosCourseGuideUITests.swift; sourceTree = "<group>"; };
		52B87EA92A5997E000425BD9 /* IosCourseGuideUITestsLaunchTests.swift */ = {isa = PBXFileReference; lastKnownFileType = sourcecode.swift; path = IosCourseGuideUITestsLaunchTests.swift; sourceTree = "<group>"; };
		52B87ECE2A5A313600425BD9 /* LoginViewController.swift */ = {isa = PBXFileReference; lastKnownFileType = sourcecode.swift; path = LoginViewController.swift; sourceTree = "<group>"; };
		5C5B06E2F1312BAFB23D6A18 /* Pods_IosCourseGuide.framework */ = {isa = PBXFileReference; explicitFileType = wrapper.framework; includeInIndex = 0; path = Pods_IosCourseGuide.framework; sourceTree = BUILT_PRODUCTS_DIR; };
		66704CDE1A5AB66B75CD191A /* Pods-IosCourseGuide.debug.xcconfig */ = {isa = PBXFileReference; includeInIndex = 1; lastKnownFileType = text.xcconfig; name = "Pods-IosCourseGuide.debug.xcconfig"; path = "Target Support Files/Pods-IosCourseGuide/Pods-IosCourseGuide.debug.xcconfig"; sourceTree = "<group>"; };
		771EEB3006ABEF493B2D8BF4 /* Pods-IosCourseGuide-IosCourseGuideUITests.release.xcconfig */ = {isa = PBXFileReference; includeInIndex = 1; lastKnownFileType = text.xcconfig; name = "Pods-IosCourseGuide-IosCourseGuideUITests.release.xcconfig"; path = "Target Support Files/Pods-IosCourseGuide-IosCourseGuideUITests/Pods-IosCourseGuide-IosCourseGuideUITests.release.xcconfig"; sourceTree = "<group>"; };
		80E283F70B2BDB39AD1A5258 /* Pods-IosCourseGuideTests.release.xcconfig */ = {isa = PBXFileReference; includeInIndex = 1; lastKnownFileType = text.xcconfig; name = "Pods-IosCourseGuideTests.release.xcconfig"; path = "Target Support Files/Pods-IosCourseGuideTests/Pods-IosCourseGuideTests.release.xcconfig"; sourceTree = "<group>"; };
		A0BF9EDBD4317CDF78764DBC /* Pods_IosCourseGuideTests.framework */ = {isa = PBXFileReference; explicitFileType = wrapper.framework; includeInIndex = 0; path = Pods_IosCourseGuideTests.framework; sourceTree = BUILT_PRODUCTS_DIR; };
		C8788696DD4831F486453494 /* Pods-IosCourseGuide.release.xcconfig */ = {isa = PBXFileReference; includeInIndex = 1; lastKnownFileType = text.xcconfig; name = "Pods-IosCourseGuide.release.xcconfig"; path = "Target Support Files/Pods-IosCourseGuide/Pods-IosCourseGuide.release.xcconfig"; sourceTree = "<group>"; };
		F71FA8C098CCB5A7EBED4CA5 /* Pods-IosCourseGuideTests.debug.xcconfig */ = {isa = PBXFileReference; includeInIndex = 1; lastKnownFileType = text.xcconfig; name = "Pods-IosCourseGuideTests.debug.xcconfig"; path = "Target Support Files/Pods-IosCourseGuideTests/Pods-IosCourseGuideTests.debug.xcconfig"; sourceTree = "<group>"; };
/* End PBXFileReference section */

/* Begin PBXFrameworksBuildPhase section */
		52B87E7D2A5997DD00425BD9 /* Frameworks */ = {
			isa = PBXFrameworksBuildPhase;
			buildActionMask = 2147483647;
			files = (
				4E0B138ACDEE1ECB960687DF /* Pods_IosCourseGuide.framework in Frameworks */,
			);
			runOnlyForDeploymentPostprocessing = 0;
		};
		52B87E962A5997E000425BD9 /* Frameworks */ = {
			isa = PBXFrameworksBuildPhase;
			buildActionMask = 2147483647;
			files = (
				63181D386EB7E0D23CFF7FA0 /* Pods_IosCourseGuideTests.framework in Frameworks */,
			);
			runOnlyForDeploymentPostprocessing = 0;
		};
		52B87EA02A5997E000425BD9 /* Frameworks */ = {
			isa = PBXFrameworksBuildPhase;
			buildActionMask = 2147483647;
			files = (
				1CA20BB3B808014D74E8645D /* Pods_IosCourseGuide_IosCourseGuideUITests.framework in Frameworks */,
			);
			runOnlyForDeploymentPostprocessing = 0;
		};
/* End PBXFrameworksBuildPhase section */

/* Begin PBXGroup section */
		0AF9AA7973A7460011B59B3B /* Frameworks */ = {
			isa = PBXGroup;
			children = (
				5C5B06E2F1312BAFB23D6A18 /* Pods_IosCourseGuide.framework */,
				1FDD9E907A6D5DA4F5AB764B /* Pods_IosCourseGuide_IosCourseGuideUITests.framework */,
				A0BF9EDBD4317CDF78764DBC /* Pods_IosCourseGuideTests.framework */,
			);
			name = Frameworks;
			sourceTree = "<group>";
		};
		52AB9CBB2A5B473A00868248 /* home */ = {
			isa = PBXGroup;
			children = (
			);
			path = home;
			sourceTree = "<group>";
		};
		52B87E772A5997DD00425BD9 = {
			isa = PBXGroup;
			children = (
				52B87E822A5997DD00425BD9 /* IosCourseGuide */,
				52B87E9C2A5997E000425BD9 /* IosCourseGuideTests */,
				52B87EA62A5997E000425BD9 /* IosCourseGuideUITests */,
				52B87E812A5997DD00425BD9 /* Products */,
				C8C4047A51767253B19FB00A /* Pods */,
				0AF9AA7973A7460011B59B3B /* Frameworks */,
			);
			sourceTree = "<group>";
		};
		52B87E812A5997DD00425BD9 /* Products */ = {
			isa = PBXGroup;
			children = (
				52B87E802A5997DD00425BD9 /* IosCourseGuide.app */,
				52B87E992A5997E000425BD9 /* IosCourseGuideTests.xctest */,
				52B87EA32A5997E000425BD9 /* IosCourseGuideUITests.xctest */,
			);
			name = Products;
			sourceTree = "<group>";
		};
		52B87E822A5997DD00425BD9 /* IosCourseGuide */ = {
			isa = PBXGroup;
			children = (
				52B87EC42A59E9FC00425BD9 /* data */,
				52B87EC62A59EA2A00425BD9 /* presentation */,
				52B87EC22A59E9CC00425BD9 /* Utils */,
				52B87E832A5997DD00425BD9 /* AppDelegate.swift */,
				52B87E852A5997DD00425BD9 /* SceneDelegate.swift */,
				52B87E8F2A5997DF00425BD9 /* Assets.xcassets */,
				52AB9CC42A5B774F00868248 /* eye.png */,
				52AB9CC22A5B4BB000868248 /* background_splash.png */,
				52B87E912A5997DF00425BD9 /* LaunchScreen.storyboard */,
				52B87E942A5997DF00425BD9 /* Info.plist */,
				52B87E8C2A5997DD00425BD9 /* IosCourseGuide.xcdatamodeld */,
			);
			path = IosCourseGuide;
			sourceTree = "<group>";
		};
		52B87E9C2A5997E000425BD9 /* IosCourseGuideTests */ = {
			isa = PBXGroup;
			children = (
				52B87E9D2A5997E000425BD9 /* IosCourseGuideTests.swift */,
			);
			path = IosCourseGuideTests;
			sourceTree = "<group>";
		};
		52B87EA62A5997E000425BD9 /* IosCourseGuideUITests */ = {
			isa = PBXGroup;
			children = (
				52B87EA72A5997E000425BD9 /* IosCourseGuideUITests.swift */,
				52B87EA92A5997E000425BD9 /* IosCourseGuideUITestsLaunchTests.swift */,
			);
			path = IosCourseGuideUITests;
			sourceTree = "<group>";
		};
		52B87EC22A59E9CC00425BD9 /* Utils */ = {
			isa = PBXGroup;
			children = (
				52AB9CB72A5B181100868248 /* Util.swift */,
			);
			path = Utils;
			sourceTree = "<group>";
		};
		52B87EC42A59E9FC00425BD9 /* data */ = {
			isa = PBXGroup;
			children = (
			);
			path = data;
			sourceTree = "<group>";
		};
		52B87EC62A59EA2A00425BD9 /* presentation */ = {
			isa = PBXGroup;
			children = (
				52AB9CBB2A5B473A00868248 /* home */,
				52B87EC92A59EA6700425BD9 /* register */,
				52B87EC82A59EA6000425BD9 /* login */,
				52B87EC72A59EA5900425BD9 /* splash */,
				52B87E892A5997DD00425BD9 /* Main.storyboard */,
			);
			path = presentation;
			sourceTree = "<group>";
		};
		52B87EC72A59EA5900425BD9 /* splash */ = {
			isa = PBXGroup;
			children = (
				52B87E872A5997DD00425BD9 /* SplashViewController.swift */,
				52AB9CB92A5B2CAD00868248 /* SplashPresenter.swift */,
			);
			path = splash;
			sourceTree = "<group>";
		};
		52B87EC82A59EA6000425BD9 /* login */ = {
			isa = PBXGroup;
			children = (
				52B87ECE2A5A313600425BD9 /* LoginViewController.swift */,
				523B839C2A5CCB3400469460 /* LoginPresenter.swift */,
			);
			path = login;
			sourceTree = "<group>";
		};
		52B87EC92A59EA6700425BD9 /* register */ = {
			isa = PBXGroup;
			children = (
				523B839A2A5CC68E00469460 /* RegisterPresenter.swift */,
				523B839E2A5CD26B00469460 /* RegisterViewController.swift */,
			);
			path = register;
			sourceTree = "<group>";
		};
		C8C4047A51767253B19FB00A /* Pods */ = {
			isa = PBXGroup;
			children = (
				66704CDE1A5AB66B75CD191A /* Pods-IosCourseGuide.debug.xcconfig */,
				C8788696DD4831F486453494 /* Pods-IosCourseGuide.release.xcconfig */,
				359E9115B8A52E8399123285 /* Pods-IosCourseGuide-IosCourseGuideUITests.debug.xcconfig */,
				771EEB3006ABEF493B2D8BF4 /* Pods-IosCourseGuide-IosCourseGuideUITests.release.xcconfig */,
				F71FA8C098CCB5A7EBED4CA5 /* Pods-IosCourseGuideTests.debug.xcconfig */,
				80E283F70B2BDB39AD1A5258 /* Pods-IosCourseGuideTests.release.xcconfig */,
			);
			path = Pods;
			sourceTree = "<group>";
		};
/* End PBXGroup section */

/* Begin PBXNativeTarget section */
		52B87E7F2A5997DD00425BD9 /* IosCourseGuide */ = {
			isa = PBXNativeTarget;
			buildConfigurationList = 52B87EAD2A5997E000425BD9 /* Build configuration list for PBXNativeTarget "IosCourseGuide" */;
			buildPhases = (
				6C0091AEBC360A9E55CD3154 /* [CP] Check Pods Manifest.lock */,
				52B87E7C2A5997DD00425BD9 /* Sources */,
				52B87E7D2A5997DD00425BD9 /* Frameworks */,
				52B87E7E2A5997DD00425BD9 /* Resources */,
				DE040548A5855A3883855EE4 /* [CP] Embed Pods Frameworks */,
			);
			buildRules = (
			);
			dependencies = (
			);
			name = IosCourseGuide;
			productName = IosCourseGuide;
			productReference = 52B87E802A5997DD00425BD9 /* IosCourseGuide.app */;
			productType = "com.apple.product-type.application";
		};
		52B87E982A5997E000425BD9 /* IosCourseGuideTests */ = {
			isa = PBXNativeTarget;
			buildConfigurationList = 52B87EB02A5997E000425BD9 /* Build configuration list for PBXNativeTarget "IosCourseGuideTests" */;
			buildPhases = (
				BA8DCE3CD264288584587B66 /* [CP] Check Pods Manifest.lock */,
				52B87E952A5997E000425BD9 /* Sources */,
				52B87E962A5997E000425BD9 /* Frameworks */,
				52B87E972A5997E000425BD9 /* Resources */,
			);
			buildRules = (
			);
			dependencies = (
				52B87E9B2A5997E000425BD9 /* PBXTargetDependency */,
			);
			name = IosCourseGuideTests;
			productName = IosCourseGuideTests;
			productReference = 52B87E992A5997E000425BD9 /* IosCourseGuideTests.xctest */;
			productType = "com.apple.product-type.bundle.unit-test";
		};
		52B87EA22A5997E000425BD9 /* IosCourseGuideUITests */ = {
			isa = PBXNativeTarget;
			buildConfigurationList = 52B87EB32A5997E000425BD9 /* Build configuration list for PBXNativeTarget "IosCourseGuideUITests" */;
			buildPhases = (
				464ACA34BDBC28FD7B029C0F /* [CP] Check Pods Manifest.lock */,
				52B87E9F2A5997E000425BD9 /* Sources */,
				52B87EA02A5997E000425BD9 /* Frameworks */,
				52B87EA12A5997E000425BD9 /* Resources */,
				E37349E34F07784659E13C8A /* [CP] Embed Pods Frameworks */,
			);
			buildRules = (
			);
			dependencies = (
				52B87EA52A5997E000425BD9 /* PBXTargetDependency */,
			);
			name = IosCourseGuideUITests;
			productName = IosCourseGuideUITests;
			productReference = 52B87EA32A5997E000425BD9 /* IosCourseGuideUITests.xctest */;
			productType = "com.apple.product-type.bundle.ui-testing";
		};
/* End PBXNativeTarget section */

/* Begin PBXProject section */
		52B87E782A5997DD00425BD9 /* Project object */ = {
			isa = PBXProject;
			attributes = {
				BuildIndependentTargetsInParallel = 1;
				LastSwiftUpdateCheck = 1430;
				LastUpgradeCheck = 1430;
				TargetAttributes = {
					52B87E7F2A5997DD00425BD9 = {
						CreatedOnToolsVersion = 14.3.1;
					};
					52B87E982A5997E000425BD9 = {
						CreatedOnToolsVersion = 14.3.1;
						TestTargetID = 52B87E7F2A5997DD00425BD9;
					};
					52B87EA22A5997E000425BD9 = {
						CreatedOnToolsVersion = 14.3.1;
						TestTargetID = 52B87E7F2A5997DD00425BD9;
					};
				};
			};
			buildConfigurationList = 52B87E7B2A5997DD00425BD9 /* Build configuration list for PBXProject "IosCourseGuide" */;
			compatibilityVersion = "Xcode 14.0";
			developmentRegion = en;
			hasScannedForEncodings = 0;
			knownRegions = (
				en,
				Base,
			);
			mainGroup = 52B87E772A5997DD00425BD9;
			productRefGroup = 52B87E812A5997DD00425BD9 /* Products */;
			projectDirPath = "";
			projectRoot = "";
			targets = (
				52B87E7F2A5997DD00425BD9 /* IosCourseGuide */,
				52B87E982A5997E000425BD9 /* IosCourseGuideTests */,
				52B87EA22A5997E000425BD9 /* IosCourseGuideUITests */,
			);
		};
/* End PBXProject section */

/* Begin PBXResourcesBuildPhase section */
		52B87E7E2A5997DD00425BD9 /* Resources */ = {
			isa = PBXResourcesBuildPhase;
			buildActionMask = 2147483647;
			files = (
				52B87E932A5997DF00425BD9 /* LaunchScreen.storyboard in Resources */,
				52B87E902A5997DF00425BD9 /* Assets.xcassets in Resources */,
				52AB9CC32A5B4BB000868248 /* background_splash.png in Resources */,
				52B87E8B2A5997DD00425BD9 /* Main.storyboard in Resources */,
				52AB9CC52A5B774F00868248 /* eye.png in Resources */,
			);
			runOnlyForDeploymentPostprocessing = 0;
		};
		52B87E972A5997E000425BD9 /* Resources */ = {
			isa = PBXResourcesBuildPhase;
			buildActionMask = 2147483647;
			files = (
			);
			runOnlyForDeploymentPostprocessing = 0;
		};
		52B87EA12A5997E000425BD9 /* Resources */ = {
			isa = PBXResourcesBuildPhase;
			buildActionMask = 2147483647;
			files = (
			);
			runOnlyForDeploymentPostprocessing = 0;
		};
/* End PBXResourcesBuildPhase section */

/* Begin PBXShellScriptBuildPhase section */
		464ACA34BDBC28FD7B029C0F /* [CP] Check Pods Manifest.lock */ = {
			isa = PBXShellScriptBuildPhase;
			buildActionMask = 2147483647;
			files = (
			);
			inputFileListPaths = (
			);
			inputPaths = (
				"${PODS_PODFILE_DIR_PATH}/Podfile.lock",
				"${PODS_ROOT}/Manifest.lock",
			);
			name = "[CP] Check Pods Manifest.lock";
			outputFileListPaths = (
			);
			outputPaths = (
				"$(DERIVED_FILE_DIR)/Pods-IosCourseGuide-IosCourseGuideUITests-checkManifestLockResult.txt",
			);
			runOnlyForDeploymentPostprocessing = 0;
			shellPath = /bin/sh;
			shellScript = "diff \"${PODS_PODFILE_DIR_PATH}/Podfile.lock\" \"${PODS_ROOT}/Manifest.lock\" > /dev/null\nif [ $? != 0 ] ; then\n    # print error to STDERR\n    echo \"error: The sandbox is not in sync with the Podfile.lock. Run 'pod install' or update your CocoaPods installation.\" >&2\n    exit 1\nfi\n# This output is used by Xcode 'outputs' to avoid re-running this script phase.\necho \"SUCCESS\" > \"${SCRIPT_OUTPUT_FILE_0}\"\n";
			showEnvVarsInLog = 0;
		};
		6C0091AEBC360A9E55CD3154 /* [CP] Check Pods Manifest.lock */ = {
			isa = PBXShellScriptBuildPhase;
			buildActionMask = 2147483647;
			files = (
			);
			inputFileListPaths = (
			);
			inputPaths = (
				"${PODS_PODFILE_DIR_PATH}/Podfile.lock",
				"${PODS_ROOT}/Manifest.lock",
			);
			name = "[CP] Check Pods Manifest.lock";
			outputFileListPaths = (
			);
			outputPaths = (
				"$(DERIVED_FILE_DIR)/Pods-IosCourseGuide-checkManifestLockResult.txt",
			);
			runOnlyForDeploymentPostprocessing = 0;
			shellPath = /bin/sh;
			shellScript = "diff \"${PODS_PODFILE_DIR_PATH}/Podfile.lock\" \"${PODS_ROOT}/Manifest.lock\" > /dev/null\nif [ $? != 0 ] ; then\n    # print error to STDERR\n    echo \"error: The sandbox is not in sync with the Podfile.lock. Run 'pod install' or update your CocoaPods installation.\" >&2\n    exit 1\nfi\n# This output is used by Xcode 'outputs' to avoid re-running this script phase.\necho \"SUCCESS\" > \"${SCRIPT_OUTPUT_FILE_0}\"\n";
			showEnvVarsInLog = 0;
		};
		BA8DCE3CD264288584587B66 /* [CP] Check Pods Manifest.lock */ = {
			isa = PBXShellScriptBuildPhase;
			buildActionMask = 2147483647;
			files = (
			);
			inputFileListPaths = (
			);
			inputPaths = (
				"${PODS_PODFILE_DIR_PATH}/Podfile.lock",
				"${PODS_ROOT}/Manifest.lock",
			);
			name = "[CP] Check Pods Manifest.lock";
			outputFileListPaths = (
			);
			outputPaths = (
				"$(DERIVED_FILE_DIR)/Pods-IosCourseGuideTests-checkManifestLockResult.txt",
			);
			runOnlyForDeploymentPostprocessing = 0;
			shellPath = /bin/sh;
			shellScript = "diff \"${PODS_PODFILE_DIR_PATH}/Podfile.lock\" \"${PODS_ROOT}/Manifest.lock\" > /dev/null\nif [ $? != 0 ] ; then\n    # print error to STDERR\n    echo \"error: The sandbox is not in sync with the Podfile.lock. Run 'pod install' or update your CocoaPods installation.\" >&2\n    exit 1\nfi\n# This output is used by Xcode 'outputs' to avoid re-running this script phase.\necho \"SUCCESS\" > \"${SCRIPT_OUTPUT_FILE_0}\"\n";
			showEnvVarsInLog = 0;
		};
		DE040548A5855A3883855EE4 /* [CP] Embed Pods Frameworks */ = {
			isa = PBXShellScriptBuildPhase;
			buildActionMask = 2147483647;
			files = (
			);
			inputFileListPaths = (
				"${PODS_ROOT}/Target Support Files/Pods-IosCourseGuide/Pods-IosCourseGuide-frameworks-${CONFIGURATION}-input-files.xcfilelist",
			);
			name = "[CP] Embed Pods Frameworks";
			outputFileListPaths = (
				"${PODS_ROOT}/Target Support Files/Pods-IosCourseGuide/Pods-IosCourseGuide-frameworks-${CONFIGURATION}-output-files.xcfilelist",
			);
			runOnlyForDeploymentPostprocessing = 0;
			shellPath = /bin/sh;
			shellScript = "\"${PODS_ROOT}/Target Support Files/Pods-IosCourseGuide/Pods-IosCourseGuide-frameworks.sh\"\n";
			showEnvVarsInLog = 0;
		};
		E37349E34F07784659E13C8A /* [CP] Embed Pods Frameworks */ = {
			isa = PBXShellScriptBuildPhase;
			buildActionMask = 2147483647;
			files = (
			);
			inputFileListPaths = (
				"${PODS_ROOT}/Target Support Files/Pods-IosCourseGuide-IosCourseGuideUITests/Pods-IosCourseGuide-IosCourseGuideUITests-frameworks-${CONFIGURATION}-input-files.xcfilelist",
			);
			name = "[CP] Embed Pods Frameworks";
			outputFileListPaths = (
				"${PODS_ROOT}/Target Support Files/Pods-IosCourseGuide-IosCourseGuideUITests/Pods-IosCourseGuide-IosCourseGuideUITests-frameworks-${CONFIGURATION}-output-files.xcfilelist",
			);
			runOnlyForDeploymentPostprocessing = 0;
			shellPath = /bin/sh;
			shellScript = "\"${PODS_ROOT}/Target Support Files/Pods-IosCourseGuide-IosCourseGuideUITests/Pods-IosCourseGuide-IosCourseGuideUITests-frameworks.sh\"\n";
			showEnvVarsInLog = 0;
		};
/* End PBXShellScriptBuildPhase section */

/* Begin PBXSourcesBuildPhase section */
		52B87E7C2A5997DD00425BD9 /* Sources */ = {
			isa = PBXSourcesBuildPhase;
			buildActionMask = 2147483647;
			files = (
				52B87E882A5997DD00425BD9 /* SplashViewController.swift in Sources */,
				523B839F2A5CD26B00469460 /* RegisterViewController.swift in Sources */,
				52AB9CB82A5B181100868248 /* Util.swift in Sources */,
				52AB9CBA2A5B2CAD00868248 /* SplashPresenter.swift in Sources */,
				523B839D2A5CCB3400469460 /* LoginPresenter.swift in Sources */,
				523B839B2A5CC68E00469460 /* RegisterPresenter.swift in Sources */,
				52B87E8E2A5997DD00425BD9 /* IosCourseGuide.xcdatamodeld in Sources */,
				52B87E842A5997DD00425BD9 /* AppDelegate.swift in Sources */,
				52B87ECF2A5A313600425BD9 /* LoginViewController.swift in Sources */,
				52B87E862A5997DD00425BD9 /* SceneDelegate.swift in Sources */,
			);
			runOnlyForDeploymentPostprocessing = 0;
		};
		52B87E952A5997E000425BD9 /* Sources */ = {
			isa = PBXSourcesBuildPhase;
			buildActionMask = 2147483647;
			files = (
				52B87E9E2A5997E000425BD9 /* IosCourseGuideTests.swift in Sources */,
			);
			runOnlyForDeploymentPostprocessing = 0;
		};
		52B87E9F2A5997E000425BD9 /* Sources */ = {
			isa = PBXSourcesBuildPhase;
			buildActionMask = 2147483647;
			files = (
				52B87EAA2A5997E000425BD9 /* IosCourseGuideUITestsLaunchTests.swift in Sources */,
				52B87EA82A5997E000425BD9 /* IosCourseGuideUITests.swift in Sources */,
			);
			runOnlyForDeploymentPostprocessing = 0;
		};
/* End PBXSourcesBuildPhase section */

/* Begin PBXTargetDependency section */
		52B87E9B2A5997E000425BD9 /* PBXTargetDependency */ = {
			isa = PBXTargetDependency;
			target = 52B87E7F2A5997DD00425BD9 /* IosCourseGuide */;
			targetProxy = 52B87E9A2A5997E000425BD9 /* PBXContainerItemProxy */;
		};
		52B87EA52A5997E000425BD9 /* PBXTargetDependency */ = {
			isa = PBXTargetDependency;
			target = 52B87E7F2A5997DD00425BD9 /* IosCourseGuide */;
			targetProxy = 52B87EA42A5997E000425BD9 /* PBXContainerItemProxy */;
		};
/* End PBXTargetDependency section */

/* Begin PBXVariantGroup section */
		52B87E892A5997DD00425BD9 /* Main.storyboard */ = {
			isa = PBXVariantGroup;
			children = (
				52B87E8A2A5997DD00425BD9 /* Base */,
			);
			name = Main.storyboard;
			sourceTree = "<group>";
		};
		52B87E912A5997DF00425BD9 /* LaunchScreen.storyboard */ = {
			isa = PBXVariantGroup;
			children = (
				52B87E922A5997DF00425BD9 /* Base */,
			);
			name = LaunchScreen.storyboard;
			sourceTree = "<group>";
		};
/* End PBXVariantGroup section */

/* Begin XCBuildConfiguration section */
		52B87EAB2A5997E000425BD9 /* Debug */ = {
			isa = XCBuildConfiguration;
			buildSettings = {
				ALWAYS_SEARCH_USER_PATHS = NO;
				CLANG_ANALYZER_NONNULL = YES;
				CLANG_ANALYZER_NUMBER_OBJECT_CONVERSION = YES_AGGRESSIVE;
				CLANG_CXX_LANGUAGE_STANDARD = "gnu++20";
				CLANG_ENABLE_MODULES = YES;
				CLANG_ENABLE_OBJC_ARC = YES;
				CLANG_ENABLE_OBJC_WEAK = YES;
				CLANG_WARN_BLOCK_CAPTURE_AUTORELEASING = YES;
				CLANG_WARN_BOOL_CONVERSION = YES;
				CLANG_WARN_COMMA = YES;
				CLANG_WARN_CONSTANT_CONVERSION = YES;
				CLANG_WARN_DEPRECATED_OBJC_IMPLEMENTATIONS = YES;
				CLANG_WARN_DIRECT_OBJC_ISA_USAGE = YES_ERROR;
				CLANG_WARN_DOCUMENTATION_COMMENTS = YES;
				CLANG_WARN_EMPTY_BODY = YES;
				CLANG_WARN_ENUM_CONVERSION = YES;
				CLANG_WARN_INFINITE_RECURSION = YES;
				CLANG_WARN_INT_CONVERSION = YES;
				CLANG_WARN_NON_LITERAL_NULL_CONVERSION = YES;
				CLANG_WARN_OBJC_IMPLICIT_RETAIN_SELF = YES;
				CLANG_WARN_OBJC_LITERAL_CONVERSION = YES;
				CLANG_WARN_OBJC_ROOT_CLASS = YES_ERROR;
				CLANG_WARN_QUOTED_INCLUDE_IN_FRAMEWORK_HEADER = YES;
				CLANG_WARN_RANGE_LOOP_ANALYSIS = YES;
				CLANG_WARN_STRICT_PROTOTYPES = YES;
				CLANG_WARN_SUSPICIOUS_MOVE = YES;
				CLANG_WARN_UNGUARDED_AVAILABILITY = YES_AGGRESSIVE;
				CLANG_WARN_UNREACHABLE_CODE = YES;
				CLANG_WARN__DUPLICATE_METHOD_MATCH = YES;
				COPY_PHASE_STRIP = NO;
				DEBUG_INFORMATION_FORMAT = dwarf;
				ENABLE_STRICT_OBJC_MSGSEND = YES;
				ENABLE_TESTABILITY = YES;
				GCC_C_LANGUAGE_STANDARD = gnu11;
				GCC_DYNAMIC_NO_PIC = NO;
				GCC_NO_COMMON_BLOCKS = YES;
				GCC_OPTIMIZATION_LEVEL = 0;
				GCC_PREPROCESSOR_DEFINITIONS = (
					"DEBUG=1",
					"$(inherited)",
				);
				GCC_WARN_64_TO_32_BIT_CONVERSION = YES;
				GCC_WARN_ABOUT_RETURN_TYPE = YES_ERROR;
				GCC_WARN_UNDECLARED_SELECTOR = YES;
				GCC_WARN_UNINITIALIZED_AUTOS = YES_AGGRESSIVE;
				GCC_WARN_UNUSED_FUNCTION = YES;
				GCC_WARN_UNUSED_VARIABLE = YES;
				IPHONEOS_DEPLOYMENT_TARGET = 16.4;
				MTL_ENABLE_DEBUG_INFO = INCLUDE_SOURCE;
				MTL_FAST_MATH = YES;
				ONLY_ACTIVE_ARCH = YES;
				SDKROOT = iphoneos;
				SWIFT_ACTIVE_COMPILATION_CONDITIONS = DEBUG;
				SWIFT_OPTIMIZATION_LEVEL = "-Onone";
			};
			name = Debug;
		};
		52B87EAC2A5997E000425BD9 /* Release */ = {
			isa = XCBuildConfiguration;
			buildSettings = {
				ALWAYS_SEARCH_USER_PATHS = NO;
				CLANG_ANALYZER_NONNULL = YES;
				CLANG_ANALYZER_NUMBER_OBJECT_CONVERSION = YES_AGGRESSIVE;
				CLANG_CXX_LANGUAGE_STANDARD = "gnu++20";
				CLANG_ENABLE_MODULES = YES;
				CLANG_ENABLE_OBJC_ARC = YES;
				CLANG_ENABLE_OBJC_WEAK = YES;
				CLANG_WARN_BLOCK_CAPTURE_AUTORELEASING = YES;
				CLANG_WARN_BOOL_CONVERSION = YES;
				CLANG_WARN_COMMA = YES;
				CLANG_WARN_CONSTANT_CONVERSION = YES;
				CLANG_WARN_DEPRECATED_OBJC_IMPLEMENTATIONS = YES;
				CLANG_WARN_DIRECT_OBJC_ISA_USAGE = YES_ERROR;
				CLANG_WARN_DOCUMENTATION_COMMENTS = YES;
				CLANG_WARN_EMPTY_BODY = YES;
				CLANG_WARN_ENUM_CONVERSION = YES;
				CLANG_WARN_INFINITE_RECURSION = YES;
				CLANG_WARN_INT_CONVERSION = YES;
				CLANG_WARN_NON_LITERAL_NULL_CONVERSION = YES;
				CLANG_WARN_OBJC_IMPLICIT_RETAIN_SELF = YES;
				CLANG_WARN_OBJC_LITERAL_CONVERSION = YES;
				CLANG_WARN_OBJC_ROOT_CLASS = YES_ERROR;
				CLANG_WARN_QUOTED_INCLUDE_IN_FRAMEWORK_HEADER = YES;
				CLANG_WARN_RANGE_LOOP_ANALYSIS = YES;
				CLANG_WARN_STRICT_PROTOTYPES = YES;
				CLANG_WARN_SUSPICIOUS_MOVE = YES;
				CLANG_WARN_UNGUARDED_AVAILABILITY = YES_AGGRESSIVE;
				CLANG_WARN_UNREACHABLE_CODE = YES;
				CLANG_WARN__DUPLICATE_METHOD_MATCH = YES;
				COPY_PHASE_STRIP = NO;
				DEBUG_INFORMATION_FORMAT = "dwarf-with-dsym";
				ENABLE_NS_ASSERTIONS = NO;
				ENABLE_STRICT_OBJC_MSGSEND = YES;
				GCC_C_LANGUAGE_STANDARD = gnu11;
				GCC_NO_COMMON_BLOCKS = YES;
				GCC_WARN_64_TO_32_BIT_CONVERSION = YES;
				GCC_WARN_ABOUT_RETURN_TYPE = YES_ERROR;
				GCC_WARN_UNDECLARED_SELECTOR = YES;
				GCC_WARN_UNINITIALIZED_AUTOS = YES_AGGRESSIVE;
				GCC_WARN_UNUSED_FUNCTION = YES;
				GCC_WARN_UNUSED_VARIABLE = YES;
				IPHONEOS_DEPLOYMENT_TARGET = 16.4;
				MTL_ENABLE_DEBUG_INFO = NO;
				MTL_FAST_MATH = YES;
				SDKROOT = iphoneos;
				SWIFT_COMPILATION_MODE = wholemodule;
				SWIFT_OPTIMIZATION_LEVEL = "-O";
				VALIDATE_PRODUCT = YES;
			};
			name = Release;
		};
		52B87EAE2A5997E000425BD9 /* Debug */ = {
			isa = XCBuildConfiguration;
			baseConfigurationReference = 66704CDE1A5AB66B75CD191A /* Pods-IosCourseGuide.debug.xcconfig */;
			buildSettings = {
				ASSETCATALOG_COMPILER_APPICON_NAME = AppIcon;
				ASSETCATALOG_COMPILER_GLOBAL_ACCENT_COLOR_NAME = AccentColor;
				CODE_SIGN_STYLE = Automatic;
				CURRENT_PROJECT_VERSION = 1;
				GENERATE_INFOPLIST_FILE = YES;
				INFOPLIST_FILE = IosCourseGuide/Info.plist;
				INFOPLIST_KEY_UIApplicationSupportsIndirectInputEvents = YES;
				INFOPLIST_KEY_UILaunchStoryboardName = LaunchScreen;
				INFOPLIST_KEY_UIMainStoryboardFile = Main;
				INFOPLIST_KEY_UIStatusBarStyle = "";
				INFOPLIST_KEY_UISupportedInterfaceOrientations_iPad = "UIInterfaceOrientationPortrait UIInterfaceOrientationPortraitUpsideDown UIInterfaceOrientationLandscapeLeft UIInterfaceOrientationLandscapeRight";
				INFOPLIST_KEY_UISupportedInterfaceOrientations_iPhone = "UIInterfaceOrientationPortrait UIInterfaceOrientationLandscapeLeft UIInterfaceOrientationLandscapeRight";
				LD_RUNPATH_SEARCH_PATHS = (
					"$(inherited)",
					"@executable_path/Frameworks",
				);
				MARKETING_VERSION = 1.0;
				PRODUCT_BUNDLE_IDENTIFIER = com.test.demo.IosCourseGuide;
				PRODUCT_NAME = "$(TARGET_NAME)";
				SWIFT_EMIT_LOC_STRINGS = YES;
				SWIFT_VERSION = 5.0;
				TARGETED_DEVICE_FAMILY = "1,2";
			};
			name = Debug;
		};
		52B87EAF2A5997E000425BD9 /* Release */ = {
			isa = XCBuildConfiguration;
			baseConfigurationReference = C8788696DD4831F486453494 /* Pods-IosCourseGuide.release.xcconfig */;
			buildSettings = {
				ASSETCATALOG_COMPILER_APPICON_NAME = AppIcon;
				ASSETCATALOG_COMPILER_GLOBAL_ACCENT_COLOR_NAME = AccentColor;
				CODE_SIGN_STYLE = Automatic;
				CURRENT_PROJECT_VERSION = 1;
				GENERATE_INFOPLIST_FILE = YES;
				INFOPLIST_FILE = IosCourseGuide/Info.plist;
				INFOPLIST_KEY_UIApplicationSupportsIndirectInputEvents = YES;
				INFOPLIST_KEY_UILaunchStoryboardName = LaunchScreen;
				INFOPLIST_KEY_UIMainStoryboardFile = Main;
				INFOPLIST_KEY_UIStatusBarStyle = "";
				INFOPLIST_KEY_UISupportedInterfaceOrientations_iPad = "UIInterfaceOrientationPortrait UIInterfaceOrientationPortraitUpsideDown UIInterfaceOrientationLandscapeLeft UIInterfaceOrientationLandscapeRight";
				INFOPLIST_KEY_UISupportedInterfaceOrientations_iPhone = "UIInterfaceOrientationPortrait UIInterfaceOrientationLandscapeLeft UIInterfaceOrientationLandscapeRight";
				LD_RUNPATH_SEARCH_PATHS = (
					"$(inherited)",
					"@executable_path/Frameworks",
				);
				MARKETING_VERSION = 1.0;
				PRODUCT_BUNDLE_IDENTIFIER = com.test.demo.IosCourseGuide;
				PRODUCT_NAME = "$(TARGET_NAME)";
				SWIFT_EMIT_LOC_STRINGS = YES;
				SWIFT_VERSION = 5.0;
				TARGETED_DEVICE_FAMILY = "1,2";
			};
			name = Release;
		};
		52B87EB12A5997E000425BD9 /* Debug */ = {
			isa = XCBuildConfiguration;
			baseConfigurationReference = F71FA8C098CCB5A7EBED4CA5 /* Pods-IosCourseGuideTests.debug.xcconfig */;
			buildSettings = {
				ALWAYS_EMBED_SWIFT_STANDARD_LIBRARIES = YES;
				BUNDLE_LOADER = "$(TEST_HOST)";
				CODE_SIGN_STYLE = Automatic;
				CURRENT_PROJECT_VERSION = 1;
				GENERATE_INFOPLIST_FILE = YES;
				IPHONEOS_DEPLOYMENT_TARGET = 16.4;
				MARKETING_VERSION = 1.0;
				PRODUCT_BUNDLE_IDENTIFIER = com.test.demo.IosCourseGuideTests;
				PRODUCT_NAME = "$(TARGET_NAME)";
				SWIFT_EMIT_LOC_STRINGS = NO;
				SWIFT_VERSION = 5.0;
				TARGETED_DEVICE_FAMILY = "1,2";
				TEST_HOST = "$(BUILT_PRODUCTS_DIR)/IosCourseGuide.app/$(BUNDLE_EXECUTABLE_FOLDER_PATH)/IosCourseGuide";
			};
			name = Debug;
		};
		52B87EB22A5997E000425BD9 /* Release */ = {
			isa = XCBuildConfiguration;
			baseConfigurationReference = 80E283F70B2BDB39AD1A5258 /* Pods-IosCourseGuideTests.release.xcconfig */;
			buildSettings = {
				ALWAYS_EMBED_SWIFT_STANDARD_LIBRARIES = YES;
				BUNDLE_LOADER = "$(TEST_HOST)";
				CODE_SIGN_STYLE = Automatic;
				CURRENT_PROJECT_VERSION = 1;
				GENERATE_INFOPLIST_FILE = YES;
				IPHONEOS_DEPLOYMENT_TARGET = 16.4;
				MARKETING_VERSION = 1.0;
				PRODUCT_BUNDLE_IDENTIFIER = com.test.demo.IosCourseGuideTests;
				PRODUCT_NAME = "$(TARGET_NAME)";
				SWIFT_EMIT_LOC_STRINGS = NO;
				SWIFT_VERSION = 5.0;
				TARGETED_DEVICE_FAMILY = "1,2";
				TEST_HOST = "$(BUILT_PRODUCTS_DIR)/IosCourseGuide.app/$(BUNDLE_EXECUTABLE_FOLDER_PATH)/IosCourseGuide";
			};
			name = Release;
		};
		52B87EB42A5997E000425BD9 /* Debug */ = {
			isa = XCBuildConfiguration;
			baseConfigurationReference = 359E9115B8A52E8399123285 /* Pods-IosCourseGuide-IosCourseGuideUITests.debug.xcconfig */;
			buildSettings = {
				ALWAYS_EMBED_SWIFT_STANDARD_LIBRARIES = YES;
				CODE_SIGN_STYLE = Automatic;
				CURRENT_PROJECT_VERSION = 1;
				GENERATE_INFOPLIST_FILE = YES;
				MARKETING_VERSION = 1.0;
				PRODUCT_BUNDLE_IDENTIFIER = com.test.demo.IosCourseGuideUITests;
				PRODUCT_NAME = "$(TARGET_NAME)";
				SWIFT_EMIT_LOC_STRINGS = NO;
				SWIFT_VERSION = 5.0;
				TARGETED_DEVICE_FAMILY = "1,2";
				TEST_TARGET_NAME = IosCourseGuide;
			};
			name = Debug;
		};
		52B87EB52A5997E000425BD9 /* Release */ = {
			isa = XCBuildConfiguration;
			baseConfigurationReference = 771EEB3006ABEF493B2D8BF4 /* Pods-IosCourseGuide-IosCourseGuideUITests.release.xcconfig */;
			buildSettings = {
				ALWAYS_EMBED_SWIFT_STANDARD_LIBRARIES = YES;
				CODE_SIGN_STYLE = Automatic;
				CURRENT_PROJECT_VERSION = 1;
				GENERATE_INFOPLIST_FILE = YES;
				MARKETING_VERSION = 1.0;
				PRODUCT_BUNDLE_IDENTIFIER = com.test.demo.IosCourseGuideUITests;
				PRODUCT_NAME = "$(TARGET_NAME)";
				SWIFT_EMIT_LOC_STRINGS = NO;
				SWIFT_VERSION = 5.0;
				TARGETED_DEVICE_FAMILY = "1,2";
				TEST_TARGET_NAME = IosCourseGuide;
			};
			name = Release;
		};
/* End XCBuildConfiguration section */

/* Begin XCConfigurationList section */
		52B87E7B2A5997DD00425BD9 /* Build configuration list for PBXProject "IosCourseGuide" */ = {
			isa = XCConfigurationList;
			buildConfigurations = (
				52B87EAB2A5997E000425BD9 /* Debug */,
				52B87EAC2A5997E000425BD9 /* Release */,
			);
			defaultConfigurationIsVisible = 0;
			defaultConfigurationName = Release;
		};
		52B87EAD2A5997E000425BD9 /* Build configuration list for PBXNativeTarget "IosCourseGuide" */ = {
			isa = XCConfigurationList;
			buildConfigurations = (
				52B87EAE2A5997E000425BD9 /* Debug */,
				52B87EAF2A5997E000425BD9 /* Release */,
			);
			defaultConfigurationIsVisible = 0;
			defaultConfigurationName = Release;
		};
		52B87EB02A5997E000425BD9 /* Build configuration list for PBXNativeTarget "IosCourseGuideTests" */ = {
			isa = XCConfigurationList;
			buildConfigurations = (
				52B87EB12A5997E000425BD9 /* Debug */,
				52B87EB22A5997E000425BD9 /* Release */,
			);
			defaultConfigurationIsVisible = 0;
			defaultConfigurationName = Release;
		};
		52B87EB32A5997E000425BD9 /* Build configuration list for PBXNativeTarget "IosCourseGuideUITests" */ = {
			isa = XCConfigurationList;
			buildConfigurations = (
				52B87EB42A5997E000425BD9 /* Debug */,
				52B87EB52A5997E000425BD9 /* Release */,
			);
			defaultConfigurationIsVisible = 0;
			defaultConfigurationName = Release;
		};
/* End XCConfigurationList section */

/* Begin XCVersionGroup section */
		52B87E8C2A5997DD00425BD9 /* IosCourseGuide.xcdatamodeld */ = {
			isa = XCVersionGroup;
			children = (
				52B87E8D2A5997DD00425BD9 /* IosCourseGuide.xcdatamodel */,
			);
			currentVersion = 52B87E8D2A5997DD00425BD9 /* IosCourseGuide.xcdatamodel */;
			path = IosCourseGuide.xcdatamodeld;
			sourceTree = "<group>";
			versionGroupType = wrapper.xcdatamodel;
		};
/* End XCVersionGroup section */
	};
	rootObject = 52B87E782A5997DD00425BD9 /* Project object */;
}
